
Microsoft Visual Studio Solution File, Format Version 12.00
# Visual Studio 15
VisualStudioVersion = 15.0.26430.14
MinimumVisualStudioVersion = 10.0.40219.1
Project("{2150E333-8FDC-42A3-9474-1A3956D46DE8}") = "Core", "Core", "{0FEB6ADF-29FD-48CE-AE0F-9E19E9209795}"
EndProject
Project("{2150E333-8FDC-42A3-9474-1A3956D46DE8}") = "src", "src", "{4B785E7E-2F35-4198-BD73-D2B861E5518A}"
EndProject
Project("{2150E333-8FDC-42A3-9474-1A3956D46DE8}") = "Infrastructure", "Infrastructure", "{1EC1EEFF-3888-4125-9229-623C564F3E7E}"
EndProject
Project("{2150E333-8FDC-42A3-9474-1A3956D46DE8}") = "Presentation", "Presentation", "{833DEA57-A970-418C-831C-2355B8294766}"
EndProject
Project("{2150E333-8FDC-42A3-9474-1A3956D46DE8}") = "tests", "tests", "{9FEDAEFB-297C-4201-8FAA-F502F94CAFED}"
EndProject
Project("{2150E333-8FDC-42A3-9474-1A3956D46DE8}") = "Common", "Common", "{C1158497-4B38-48DD-B698-57B7A0D50249}"
EndProject
Project("{9A19103F-16F7-4668-BE54-9A1E7A4F7556}") = "BookStore.Test", "BookStore.Test\BookStore.Test.csproj", "{AAE37B85-1460-4DAE-AC8D-71403D00D013}"
EndProject
Project("{9A19103F-16F7-4668-BE54-9A1E7A4F7556}") = "BookStore.Common", "BookStore.Common\BookStore.Common.csproj", "{D97BA7A6-CA1B-48BC-B0FE-4470D7A81748}"
EndProject
Project("{9A19103F-16F7-4668-BE54-9A1E7A4F7556}") = "BookStore.Domain", "BookStore.Domain\BookStore.Domain.csproj", "{AB1BBCC4-A338-4195-8A65-5E278D0F33C7}"
EndProject
Project("{9A19103F-16F7-4668-BE54-9A1E7A4F7556}") = "BookStore.Application", "BookStore.Application\BookStore.Application.csproj", "{4528E210-BE9A-4993-858B-59075F98A7FC}"
EndProject
Project("{9A19103F-16F7-4668-BE54-9A1E7A4F7556}") = "BookStore.Persistence", "BookStore.Persistence\BookStore.Persistence.csproj", "{0C546D09-8BCC-4FCF-A115-494C08A95ABC}"
EndProject
Project("{9A19103F-16F7-4668-BE54-9A1E7A4F7556}") = "BookStore.Infrastructure", "BookStore.Infrastructure\BookStore.Infrastructure.csproj", "{10D78E6F-8688-47C8-B143-69A9705CE164}"
EndProject
Project("{FAE04EC0-301F-11D3-BF4B-00C04F79EFBC}") = "BookStore.API", "BookStore.API\BookStore.API.csproj", "{86B1D7E8-A5B2-4CC0-B1BB-D48A7E5A5769}"
EndProject
Global
	GlobalSection(SolutionConfigurationPlatforms) = preSolution
		Debug|Any CPU = Debug|Any CPU
		Release|Any CPU = Release|Any CPU
	EndGlobalSection
	GlobalSection(ProjectConfigurationPlatforms) = postSolution
		{AAE37B85-1460-4DAE-AC8D-71403D00D013}.Debug|Any CPU.ActiveCfg = Debug|Any CPU
		{AAE37B85-1460-4DAE-AC8D-71403D00D013}.Debug|Any CPU.Build.0 = Debug|Any CPU
		{AAE37B85-1460-4DAE-AC8D-71403D00D013}.Release|Any CPU.ActiveCfg = Release|Any CPU
		{AAE37B85-1460-4DAE-AC8D-71403D00D013}.Release|Any CPU.Build.0 = Release|Any CPU
		{D97BA7A6-CA1B-48BC-B0FE-4470D7A81748}.Debug|Any CPU.ActiveCfg = Debug|Any CPU
		{D97BA7A6-CA1B-48BC-B0FE-4470D7A81748}.Debug|Any CPU.Build.0 = Debug|Any CPU
		{D97BA7A6-CA1B-48BC-B0FE-4470D7A81748}.Release|Any CPU.ActiveCfg = Release|Any CPU
		{D97BA7A6-CA1B-48BC-B0FE-4470D7A81748}.Release|Any CPU.Build.0 = Release|Any CPU
		{AB1BBCC4-A338-4195-8A65-5E278D0F33C7}.Debug|Any CPU.ActiveCfg = Debug|Any CPU
		{AB1BBCC4-A338-4195-8A65-5E278D0F33C7}.Debug|Any CPU.Build.0 = Debug|Any CPU
		{AB1BBCC4-A338-4195-8A65-5E278D0F33C7}.Release|Any CPU.ActiveCfg = Release|Any CPU
		{AB1BBCC4-A338-4195-8A65-5E278D0F33C7}.Release|Any CPU.Build.0 = Release|Any CPU
		{4528E210-BE9A-4993-858B-59075F98A7FC}.Debug|Any CPU.ActiveCfg = Debug|Any CPU
		{4528E210-BE9A-4993-858B-59075F98A7FC}.Debug|Any CPU.Build.0 = Debug|Any CPU
		{4528E210-BE9A-4993-858B-59075F98A7FC}.Release|Any CPU.ActiveCfg = Release|Any CPU
		{4528E210-BE9A-4993-858B-59075F98A7FC}.Release|Any CPU.Build.0 = Release|Any CPU
		{0C546D09-8BCC-4FCF-A115-494C08A95ABC}.Debug|Any CPU.ActiveCfg = Debug|Any CPU
		{0C546D09-8BCC-4FCF-A115-494C08A95ABC}.Debug|Any CPU.Build.0 = Debug|Any CPU
		{0C546D09-8BCC-4FCF-A115-494C08A95ABC}.Release|Any CPU.ActiveCfg = Release|Any CPU
		{0C546D09-8BCC-4FCF-A115-494C08A95ABC}.Release|Any CPU.Build.0 = Release|Any CPU
		{10D78E6F-8688-47C8-B143-69A9705CE164}.Debug|Any CPU.ActiveCfg = Debug|Any CPU
		{10D78E6F-8688-47C8-B143-69A9705CE164}.Debug|Any CPU.Build.0 = Debug|Any CPU
		{10D78E6F-8688-47C8-B143-69A9705CE164}.Release|Any CPU.ActiveCfg = Release|Any CPU
		{10D78E6F-8688-47C8-B143-69A9705CE164}.Release|Any CPU.Build.0 = Release|Any CPU
		{86B1D7E8-A5B2-4CC0-B1BB-D48A7E5A5769}.Debug|Any CPU.ActiveCfg = Debug|Any CPU
		{86B1D7E8-A5B2-4CC0-B1BB-D48A7E5A5769}.Debug|Any CPU.Build.0 = Debug|Any CPU
		{86B1D7E8-A5B2-4CC0-B1BB-D48A7E5A5769}.Release|Any CPU.ActiveCfg = Release|Any CPU
		{86B1D7E8-A5B2-4CC0-B1BB-D48A7E5A5769}.Release|Any CPU.Build.0 = Release|Any CPU
	EndGlobalSection
	GlobalSection(SolutionProperties) = preSolution
		HideSolutionNode = FALSE
	EndGlobalSection
	GlobalSection(NestedProjects) = preSolution
		{0FEB6ADF-29FD-48CE-AE0F-9E19E9209795} = {4B785E7E-2F35-4198-BD73-D2B861E5518A}
		{1EC1EEFF-3888-4125-9229-623C564F3E7E} = {4B785E7E-2F35-4198-BD73-D2B861E5518A}
		{833DEA57-A970-418C-831C-2355B8294766} = {4B785E7E-2F35-4198-BD73-D2B861E5518A}
		{C1158497-4B38-48DD-B698-57B7A0D50249} = {4B785E7E-2F35-4198-BD73-D2B861E5518A}
		{AAE37B85-1460-4DAE-AC8D-71403D00D013} = {9FEDAEFB-297C-4201-8FAA-F502F94CAFED}
		{D97BA7A6-CA1B-48BC-B0FE-4470D7A81748} = {C1158497-4B38-48DD-B698-57B7A0D50249}
		{AB1BBCC4-A338-4195-8A65-5E278D0F33C7} = {0FEB6ADF-29FD-48CE-AE0F-9E19E9209795}
		{4528E210-BE9A-4993-858B-59075F98A7FC} = {0FEB6ADF-29FD-48CE-AE0F-9E19E9209795}
		{0C546D09-8BCC-4FCF-A115-494C08A95ABC} = {1EC1EEFF-3888-4125-9229-623C564F3E7E}
		{10D78E6F-8688-47C8-B143-69A9705CE164} = {1EC1EEFF-3888-4125-9229-623C564F3E7E}
		{86B1D7E8-A5B2-4CC0-B1BB-D48A7E5A5769} = {833DEA57-A970-418C-831C-2355B8294766}
	EndGlobalSection
	GlobalSection(ExtensibilityGlobals) = postSolution
		SolutionGuid = {0D5D0CA3-C6B8-436C-82B0-39820C8A13FA}
	EndGlobalSection
EndGlobal
